
Microsoft Visual Studio Solution File, Format Version 12.00
# Visual Studio Version 17
VisualStudioVersion = 17.10.35013.160
MinimumVisualStudioVersion = 10.0.40219.1
Project("{FAE04EC0-301F-11D3-BF4B-00C04F79EFBC}") = "SuperEditor", "Editor\SuperEditor.csproj", "{3DA38285-A934-4E83-9CD7-9B54B9873C13}"
EndProject
Global
	GlobalSection(SolutionConfigurationPlatforms) = preSolution
		Debug|Any CPU = Debug|Any CPU
		Release|Any CPU = Release|Any CPU
	EndGlobalSection
	GlobalSection(ProjectConfigurationPlatforms) = postSolution
		{3DA38285-A934-4E83-9CD7-9B54B9873C13}.Debug|Any CPU.ActiveCfg = Debug|Any CPU
		{3DA38285-A934-4E83-9CD7-9B54B9873C13}.Debug|Any CPU.Build.0 = Debug|Any CPU
		{3DA38285-A934-4E83-9CD7-9B54B9873C13}.Release|Any CPU.ActiveCfg = Release|Any CPU
		{3DA38285-A934-4E83-9CD7-9B54B9873C13}.Release|Any CPU.Build.0 = Release|Any CPU
	EndGlobalSection
	GlobalSection(SolutionProperties) = preSolution
		HideSolutionNode = FALSE
	EndGlobalSection
	GlobalSection(ExtensibilityGlobals) = postSolution
		SolutionGuid = {65486612-53CD-4163-82CE-07488A184182}
	EndGlobalSection
EndGlobal
